
Microsoft Visual Studio Solution File, Format Version 12.00
# Visual Studio Version 16
VisualStudioVersion = 16.0.32002.261
MinimumVisualStudioVersion = 10.0.40219.1
Project("{FAE04EC0-301F-11D3-BF4B-00C04F79EFBC}") = "WebApplicationDemoEF", "WebApplicationDemoEF\WebApplicationDemoEF.csproj", "{D3AE9D53-7206-450C-872A-E0147E9226CA}"
EndProject
Global
	GlobalSection(SolutionConfigurationPlatforms) = preSolution
		Debug|Any CPU = Debug|Any CPU
		Release|Any CPU = Release|Any CPU
	EndGlobalSection
	GlobalSection(ProjectConfigurationPlatforms) = postSolution
		{D3AE9D53-7206-450C-872A-E0147E9226CA}.Debug|Any CPU.ActiveCfg = Debug|Any CPU
		{D3AE9D53-7206-450C-872A-E0147E9226CA}.Debug|Any CPU.Build.0 = Debug|Any CPU
		{D3AE9D53-7206-450C-872A-E0147E9226CA}.Release|Any CPU.ActiveCfg = Release|Any CPU
		{D3AE9D53-7206-450C-872A-E0147E9226CA}.Release|Any CPU.Build.0 = Release|Any CPU
	EndGlobalSection
	GlobalSection(SolutionProperties) = preSolution
		HideSolutionNode = FALSE
	EndGlobalSection
	GlobalSection(ExtensibilityGlobals) = postSolution
		SolutionGuid = {4008C78A-4805-49AC-B68F-7D9191B1C5A7}
	EndGlobalSection
EndGlobal
